{
  "name": "@synergyboat/mcp-service-registry",
  "version": "0.1.0",
  "lockfileVersion": 3,
  "requires": true,
  "packages": {
    "": {
      "name": "@synergyboat/mcp-service-registry",
      "version": "0.1.0",
      "bin": {
        "mcp-service-registry": "bin/run-server.js"
      }
    }
  }
}
